
Microsoft Visual Studio Solution File, Format Version 12.00
# Visual Studio Version 16
VisualStudioVersion = 16.0.31005.135
MinimumVisualStudioVersion = 10.0.40219.1
Project("{FAE04EC0-301F-11D3-BF4B-00C04F79EFBC}") = "SwitchDiasSemana", "SwitchDiasSemana\SwitchDiasSemana.csproj", "{42662EB3-DD98-4012-B7F4-BB99D7E9317E}"
EndProject
Global
	GlobalSection(SolutionConfigurationPlatforms) = preSolution
		Debug|Any CPU = Debug|Any CPU
		Release|Any CPU = Release|Any CPU
	EndGlobalSection
	GlobalSection(ProjectConfigurationPlatforms) = postSolution
		{42662EB3-DD98-4012-B7F4-BB99D7E9317E}.Debug|Any CPU.ActiveCfg = Debug|Any CPU
		{42662EB3-DD98-4012-B7F4-BB99D7E9317E}.Debug|Any CPU.Build.0 = Debug|Any CPU
		{42662EB3-DD98-4012-B7F4-BB99D7E9317E}.Release|Any CPU.ActiveCfg = Release|Any CPU
		{42662EB3-DD98-4012-B7F4-BB99D7E9317E}.Release|Any CPU.Build.0 = Release|Any CPU
	EndGlobalSection
	GlobalSection(SolutionProperties) = preSolution
		HideSolutionNode = FALSE
	EndGlobalSection
	GlobalSection(ExtensibilityGlobals) = postSolution
		SolutionGuid = {CC1D4D0E-3C65-4841-BA01-0EF8BD1C7D3A}
	EndGlobalSection
EndGlobal
