
Microsoft Visual Studio Solution File, Format Version 12.00
# Visual Studio Version 16
VisualStudioVersion = 16.0.31005.135
MinimumVisualStudioVersion = 10.0.40219.1
Project("{FAE04EC0-301F-11D3-BF4B-00C04F79EFBC}") = "sumanumeros", "sumanumeros\sumanumeros.csproj", "{2DF63CB0-F461-4E0F-9F33-74BB08310A0E}"
EndProject
Global
	GlobalSection(SolutionConfigurationPlatforms) = preSolution
		Debug|Any CPU = Debug|Any CPU
		Release|Any CPU = Release|Any CPU
	EndGlobalSection
	GlobalSection(ProjectConfigurationPlatforms) = postSolution
		{2DF63CB0-F461-4E0F-9F33-74BB08310A0E}.Debug|Any CPU.ActiveCfg = Debug|Any CPU
		{2DF63CB0-F461-4E0F-9F33-74BB08310A0E}.Debug|Any CPU.Build.0 = Debug|Any CPU
		{2DF63CB0-F461-4E0F-9F33-74BB08310A0E}.Release|Any CPU.ActiveCfg = Release|Any CPU
		{2DF63CB0-F461-4E0F-9F33-74BB08310A0E}.Release|Any CPU.Build.0 = Release|Any CPU
	EndGlobalSection
	GlobalSection(SolutionProperties) = preSolution
		HideSolutionNode = FALSE
	EndGlobalSection
	GlobalSection(ExtensibilityGlobals) = postSolution
		SolutionGuid = {DF45CD5E-BB85-422E-ADAA-BAE6AA975E54}
	EndGlobalSection
EndGlobal
